{
    "_readme": [
        "This file locks the dependencies of your project to a known state",
        "Read more about it at https://getcomposer.org/doc/01-basic-usage.md#installing-dependencies",
        "This file is @generated automatically"
    ],
    "content-hash": "af2f447f84e62cdd1f9b9c40d9b02e86",
    "packages": [
        {
            "name": "hnrazevedo/filter",
            "version": "v1.0.0",
            "source": {
                "type": "git",
                "url": "https://github.com/hnrazevedo/Filter.git",
                "reference": "57372f3b469a3d32efbf2642e01bc3e03a538f76"
            },
            "dist": {
                "type": "zip",
                "url": "https://api.github.com/repos/hnrazevedo/Filter/zipball/57372f3b469a3d32efbf2642e01bc3e03a538f76",
                "reference": "57372f3b469a3d32efbf2642e01bc3e03a538f76",
                "shasum": ""
            },
            "require": {
                "php": ">=7.4"
            },
            "type": "library",
            "autoload": {
                "psr-4": {
                    "HnrAzevedo\\Filter\\": "src/"
                }
            },
            "notification-url": "https://packagist.org/downloads/",
            "license": [
                "MIT"
            ],
            "authors": [
                {
                    "name": "Henri Mateus Santos de Azevedo",
                    "email": "hnr.azevedo@gmail.com",
                    "role": "Developer"
                }
            ],
            "description": "Tools for developing personal projects",
            "time": "2020-08-10T14:09:21+00:00"
        }
    ],
    "packages-dev": [],
    "aliases": [],
    "minimum-stability": "stable",
    "stability-flags": [],
    "prefer-stable": false,
    "prefer-lowest": false,
    "platform": {
        "php": ">=7.4"
    },
    "platform-dev": []
}
